
Microsoft Visual Studio Solution File, Format Version 12.00
# Visual Studio Version 17
VisualStudioVersion = 17.0.32112.339
MinimumVisualStudioVersion = 10.0.40219.1
Project("{FAE04EC0-301F-11D3-BF4B-00C04F79EFBC}") = "WebApplication_10_02_22", "WebApplication_10_02_22.csproj", "{1C6A54D0-BB2B-40FF-BAB3-3F7B680681B2}"
EndProject
Global
	GlobalSection(SolutionConfigurationPlatforms) = preSolution
		Debug|Any CPU = Debug|Any CPU
		Release|Any CPU = Release|Any CPU
	EndGlobalSection
	GlobalSection(ProjectConfigurationPlatforms) = postSolution
		{1C6A54D0-BB2B-40FF-BAB3-3F7B680681B2}.Debug|Any CPU.ActiveCfg = Debug|Any CPU
		{1C6A54D0-BB2B-40FF-BAB3-3F7B680681B2}.Debug|Any CPU.Build.0 = Debug|Any CPU
		{1C6A54D0-BB2B-40FF-BAB3-3F7B680681B2}.Release|Any CPU.ActiveCfg = Release|Any CPU
		{1C6A54D0-BB2B-40FF-BAB3-3F7B680681B2}.Release|Any CPU.Build.0 = Release|Any CPU
	EndGlobalSection
	GlobalSection(SolutionProperties) = preSolution
		HideSolutionNode = FALSE
	EndGlobalSection
	GlobalSection(ExtensibilityGlobals) = postSolution
		SolutionGuid = {D4212DA3-7EE0-471A-9814-9A69B93CC8B9}
	EndGlobalSection
EndGlobal
